
Microsoft Visual Studio Solution File, Format Version 12.00
# Visual Studio Version 16
VisualStudioVersion = 16.0.30907.101
MinimumVisualStudioVersion = 10.0.40219.1
Project("{2150E333-8FDC-42A3-9474-1A3956D46DE8}") = "AcceptanceTest", "AcceptanceTest", "{AF348046-7C50-44B8-86A1-23144098AED4}"
EndProject
Project("{2150E333-8FDC-42A3-9474-1A3956D46DE8}") = "ApplicationService", "ApplicationService", "{26F46106-6775-4196-B581-CAA25149E58C}"
EndProject
Project("{2150E333-8FDC-42A3-9474-1A3956D46DE8}") = "Domain", "Domain", "{A94F9507-A0BA-4BB3-B6C6-6084DEF95AB8}"
EndProject
Project("{2150E333-8FDC-42A3-9474-1A3956D46DE8}") = "Infrustructure", "Infrustructure", "{4F0893F8-F69B-46CC-9F78-B5EF1525C0D1}"
EndProject
Project("{2150E333-8FDC-42A3-9474-1A3956D46DE8}") = "Interface", "Interface", "{4C97B59F-7CDC-41D6-A291-66B89938A99D}"
EndProject
Project("{9A19103F-16F7-4668-BE54-9A1E7A4F7556}") = "MozaeekUserProfile.RestAPI", "MozaeekUserProfile.RestAPI\MozaeekUserProfile.RestAPI.csproj", "{4B2F92DD-A93A-465A-B210-D2768167B644}"
EndProject
Project("{2150E333-8FDC-42A3-9474-1A3956D46DE8}") = "Src", "Src", "{B4DF5DBA-B85A-45F3-859D-BB9992C5B6EC}"
EndProject
Project("{9A19103F-16F7-4668-BE54-9A1E7A4F7556}") = "MozaeekUserProfile.Persistense.EF", "MozaeekUserProfile.Persistense.EF\MozaeekUserProfile.Persistense.EF.csproj", "{0AC1DE1A-FA04-4B6D-B385-86F4E84CD8CA}"
EndProject
Project("{9A19103F-16F7-4668-BE54-9A1E7A4F7556}") = "MozaeekUserProfile.Domain", "MozaeekUserProfile.Domain\MozaeekUserProfile.Domain.csproj", "{6B07D17F-3F2F-4371-9906-4318D3895619}"
EndProject
Project("{9A19103F-16F7-4668-BE54-9A1E7A4F7556}") = "MozaeekUserProfile.ApplicationService", "MozaeekUserProfile.ApplicationService\MozaeekUserProfile.ApplicationService.csproj", "{6B0AF2EF-8017-480D-BD5F-AAA54A7920AA}"
EndProject
Project("{9A19103F-16F7-4668-BE54-9A1E7A4F7556}") = "MozaeekUserProfile.IntegrationTest", "MozaeekUserProfile.IntegrationTest\MozaeekUserProfile.IntegrationTest.csproj", "{16CD6CD5-297F-4640-BC76-3BCA5C359819}"
EndProject
Project("{9A19103F-16F7-4668-BE54-9A1E7A4F7556}") = "MozaeekUserProfile.Specs", "MozaeekUserProfile.Specs\MozaeekUserProfile.Specs.csproj", "{6A94EAD4-F5F9-42A5-83CC-C19175E50B25}"
EndProject
Project("{2150E333-8FDC-42A3-9474-1A3956D46DE8}") = "Framework", "Framework", "{91515D65-D273-41AD-9581-8CE6E0034DB8}"
EndProject
Project("{9A19103F-16F7-4668-BE54-9A1E7A4F7556}") = "MozaeekUserProfile.Core", "MozaeekUserProfile.Framework\MozaeekUserProfile.Core.csproj", "{ED22D128-1032-4516-ACAA-3DB54FEBB7BB}"
EndProject
Project("{9A19103F-16F7-4668-BE54-9A1E7A4F7556}") = "MozaeekUserProfile.Infrastucture.Service", "MozaeekUserProfile.Infrastucture.Service\MozaeekUserProfile.Infrastucture.Service.csproj", "{22873FAD-5158-4B66-A7D1-DE784E6FD99F}"
EndProject
Project("{9A19103F-16F7-4668-BE54-9A1E7A4F7556}") = "MozaeekUserProfile.Persistence.Mongo", "MozaeekUserProfile.Persistence.Mongo\MozaeekUserProfile.Persistence.Mongo.csproj", "{3597EEF7-6540-49DC-AEB1-1B9FD5EC4349}"
EndProject
Project("{9A19103F-16F7-4668-BE54-9A1E7A4F7556}") = "MozaeekUserProfile.ApplicationService.Contract", "MozaeekUserProfile.ApplicationService.Contract\MozaeekUserProfile.ApplicationService.Contract.csproj", "{F7CD4FBB-84DD-4E3A-AE05-19DAF3C56EAF}"
EndProject
Project("{9A19103F-16F7-4668-BE54-9A1E7A4F7556}") = "MozaeekUserProfile.Common", "MozaeekUserProfile.Common\MozaeekUserProfile.Common.csproj", "{80DBB258-D3B0-4317-B6A3-FB0B0D8CF87F}"
EndProject
Project("{9A19103F-16F7-4668-BE54-9A1E7A4F7556}") = "MozaeekUserProfile.Exception", "MozaeekUserProfile.Exception\MozaeekUserProfile.Exception.csproj", "{95D2A2E2-9A54-48E2-BE41-550BC30B4A10}"
EndProject
Project("{9A19103F-16F7-4668-BE54-9A1E7A4F7556}") = "MozaeekUserProfile.Mapper", "MozaeekUserProfile.Mapper\MozaeekUserProfile.Mapper.csproj", "{7F6D8C75-7309-4452-9CF3-877B15BE6515}"
EndProject
Project("{9A19103F-16F7-4668-BE54-9A1E7A4F7556}") = "MozaeekUserProfile.ViewModel", "MozaeekUserProfile.ViewModel\MozaeekUserProfile.ViewModel.csproj", "{C7078F4C-82BF-4BC1-AF34-3AB7299EBDCF}"
EndProject
Project("{9A19103F-16F7-4668-BE54-9A1E7A4F7556}") = "MozaeekUserProfile.OutBoxManagement", "MozaeekUserProfile.OutBoxManagement\MozaeekUserProfile.OutBoxManagement.csproj", "{7B57B592-291A-48CE-9C67-AEB2370B1725}"
EndProject
Project("{9A19103F-16F7-4668-BE54-9A1E7A4F7556}") = "MozaeekUserProfile.Domain.Contract", "MozaeekUserProfile.Domain.Contract\MozaeekUserProfile.Domain.Contract.csproj", "{0EA949D4-AC04-4853-AACD-CA7CCF6D029A}"
EndProject
Project("{9A19103F-16F7-4668-BE54-9A1E7A4F7556}") = "MozaeekUserProfile.Domain.Service", "MozaeekUserProfile.Domain.Service\MozaeekUserProfile.Domain.Service.csproj", "{7EA39B0E-9280-4AC3-BF2B-FAE780AC0B3E}"
EndProject
Global
	GlobalSection(SolutionConfigurationPlatforms) = preSolution
		Debug|Any CPU = Debug|Any CPU
		Release|Any CPU = Release|Any CPU
	EndGlobalSection
	GlobalSection(ProjectConfigurationPlatforms) = postSolution
		{4B2F92DD-A93A-465A-B210-D2768167B644}.Debug|Any CPU.ActiveCfg = Debug|Any CPU
		{4B2F92DD-A93A-465A-B210-D2768167B644}.Debug|Any CPU.Build.0 = Debug|Any CPU
		{4B2F92DD-A93A-465A-B210-D2768167B644}.Release|Any CPU.ActiveCfg = Release|Any CPU
		{4B2F92DD-A93A-465A-B210-D2768167B644}.Release|Any CPU.Build.0 = Release|Any CPU
		{0AC1DE1A-FA04-4B6D-B385-86F4E84CD8CA}.Debug|Any CPU.ActiveCfg = Debug|Any CPU
		{0AC1DE1A-FA04-4B6D-B385-86F4E84CD8CA}.Debug|Any CPU.Build.0 = Debug|Any CPU
		{0AC1DE1A-FA04-4B6D-B385-86F4E84CD8CA}.Release|Any CPU.ActiveCfg = Release|Any CPU
		{0AC1DE1A-FA04-4B6D-B385-86F4E84CD8CA}.Release|Any CPU.Build.0 = Release|Any CPU
		{6B07D17F-3F2F-4371-9906-4318D3895619}.Debug|Any CPU.ActiveCfg = Debug|Any CPU
		{6B07D17F-3F2F-4371-9906-4318D3895619}.Debug|Any CPU.Build.0 = Debug|Any CPU
		{6B07D17F-3F2F-4371-9906-4318D3895619}.Release|Any CPU.ActiveCfg = Release|Any CPU
		{6B07D17F-3F2F-4371-9906-4318D3895619}.Release|Any CPU.Build.0 = Release|Any CPU
		{6B0AF2EF-8017-480D-BD5F-AAA54A7920AA}.Debug|Any CPU.ActiveCfg = Debug|Any CPU
		{6B0AF2EF-8017-480D-BD5F-AAA54A7920AA}.Debug|Any CPU.Build.0 = Debug|Any CPU
		{6B0AF2EF-8017-480D-BD5F-AAA54A7920AA}.Release|Any CPU.ActiveCfg = Release|Any CPU
		{6B0AF2EF-8017-480D-BD5F-AAA54A7920AA}.Release|Any CPU.Build.0 = Release|Any CPU
		{16CD6CD5-297F-4640-BC76-3BCA5C359819}.Debug|Any CPU.ActiveCfg = Debug|Any CPU
		{16CD6CD5-297F-4640-BC76-3BCA5C359819}.Debug|Any CPU.Build.0 = Debug|Any CPU
		{16CD6CD5-297F-4640-BC76-3BCA5C359819}.Release|Any CPU.ActiveCfg = Release|Any CPU
		{16CD6CD5-297F-4640-BC76-3BCA5C359819}.Release|Any CPU.Build.0 = Release|Any CPU
		{6A94EAD4-F5F9-42A5-83CC-C19175E50B25}.Debug|Any CPU.ActiveCfg = Debug|Any CPU
		{6A94EAD4-F5F9-42A5-83CC-C19175E50B25}.Debug|Any CPU.Build.0 = Debug|Any CPU
		{6A94EAD4-F5F9-42A5-83CC-C19175E50B25}.Release|Any CPU.ActiveCfg = Release|Any CPU
		{6A94EAD4-F5F9-42A5-83CC-C19175E50B25}.Release|Any CPU.Build.0 = Release|Any CPU
		{ED22D128-1032-4516-ACAA-3DB54FEBB7BB}.Debug|Any CPU.ActiveCfg = Debug|Any CPU
		{ED22D128-1032-4516-ACAA-3DB54FEBB7BB}.Debug|Any CPU.Build.0 = Debug|Any CPU
		{ED22D128-1032-4516-ACAA-3DB54FEBB7BB}.Release|Any CPU.ActiveCfg = Release|Any CPU
		{ED22D128-1032-4516-ACAA-3DB54FEBB7BB}.Release|Any CPU.Build.0 = Release|Any CPU
		{22873FAD-5158-4B66-A7D1-DE784E6FD99F}.Debug|Any CPU.ActiveCfg = Debug|Any CPU
		{22873FAD-5158-4B66-A7D1-DE784E6FD99F}.Debug|Any CPU.Build.0 = Debug|Any CPU
		{22873FAD-5158-4B66-A7D1-DE784E6FD99F}.Release|Any CPU.ActiveCfg = Release|Any CPU
		{22873FAD-5158-4B66-A7D1-DE784E6FD99F}.Release|Any CPU.Build.0 = Release|Any CPU
		{3597EEF7-6540-49DC-AEB1-1B9FD5EC4349}.Debug|Any CPU.ActiveCfg = Debug|Any CPU
		{3597EEF7-6540-49DC-AEB1-1B9FD5EC4349}.Debug|Any CPU.Build.0 = Debug|Any CPU
		{3597EEF7-6540-49DC-AEB1-1B9FD5EC4349}.Release|Any CPU.ActiveCfg = Release|Any CPU
		{3597EEF7-6540-49DC-AEB1-1B9FD5EC4349}.Release|Any CPU.Build.0 = Release|Any CPU
		{F7CD4FBB-84DD-4E3A-AE05-19DAF3C56EAF}.Debug|Any CPU.ActiveCfg = Debug|Any CPU
		{F7CD4FBB-84DD-4E3A-AE05-19DAF3C56EAF}.Debug|Any CPU.Build.0 = Debug|Any CPU
		{F7CD4FBB-84DD-4E3A-AE05-19DAF3C56EAF}.Release|Any CPU.ActiveCfg = Release|Any CPU
		{F7CD4FBB-84DD-4E3A-AE05-19DAF3C56EAF}.Release|Any CPU.Build.0 = Release|Any CPU
		{80DBB258-D3B0-4317-B6A3-FB0B0D8CF87F}.Debug|Any CPU.ActiveCfg = Debug|Any CPU
		{80DBB258-D3B0-4317-B6A3-FB0B0D8CF87F}.Debug|Any CPU.Build.0 = Debug|Any CPU
		{80DBB258-D3B0-4317-B6A3-FB0B0D8CF87F}.Release|Any CPU.ActiveCfg = Release|Any CPU
		{80DBB258-D3B0-4317-B6A3-FB0B0D8CF87F}.Release|Any CPU.Build.0 = Release|Any CPU
		{95D2A2E2-9A54-48E2-BE41-550BC30B4A10}.Debug|Any CPU.ActiveCfg = Debug|Any CPU
		{95D2A2E2-9A54-48E2-BE41-550BC30B4A10}.Debug|Any CPU.Build.0 = Debug|Any CPU
		{95D2A2E2-9A54-48E2-BE41-550BC30B4A10}.Release|Any CPU.ActiveCfg = Release|Any CPU
		{95D2A2E2-9A54-48E2-BE41-550BC30B4A10}.Release|Any CPU.Build.0 = Release|Any CPU
		{7F6D8C75-7309-4452-9CF3-877B15BE6515}.Debug|Any CPU.ActiveCfg = Debug|Any CPU
		{7F6D8C75-7309-4452-9CF3-877B15BE6515}.Debug|Any CPU.Build.0 = Debug|Any CPU
		{7F6D8C75-7309-4452-9CF3-877B15BE6515}.Release|Any CPU.ActiveCfg = Release|Any CPU
		{7F6D8C75-7309-4452-9CF3-877B15BE6515}.Release|Any CPU.Build.0 = Release|Any CPU
		{C7078F4C-82BF-4BC1-AF34-3AB7299EBDCF}.Debug|Any CPU.ActiveCfg = Debug|Any CPU
		{C7078F4C-82BF-4BC1-AF34-3AB7299EBDCF}.Debug|Any CPU.Build.0 = Debug|Any CPU
		{C7078F4C-82BF-4BC1-AF34-3AB7299EBDCF}.Release|Any CPU.ActiveCfg = Release|Any CPU
		{C7078F4C-82BF-4BC1-AF34-3AB7299EBDCF}.Release|Any CPU.Build.0 = Release|Any CPU
		{7B57B592-291A-48CE-9C67-AEB2370B1725}.Debug|Any CPU.ActiveCfg = Debug|Any CPU
		{7B57B592-291A-48CE-9C67-AEB2370B1725}.Debug|Any CPU.Build.0 = Debug|Any CPU
		{7B57B592-291A-48CE-9C67-AEB2370B1725}.Release|Any CPU.ActiveCfg = Release|Any CPU
		{7B57B592-291A-48CE-9C67-AEB2370B1725}.Release|Any CPU.Build.0 = Release|Any CPU
		{0EA949D4-AC04-4853-AACD-CA7CCF6D029A}.Debug|Any CPU.ActiveCfg = Debug|Any CPU
		{0EA949D4-AC04-4853-AACD-CA7CCF6D029A}.Debug|Any CPU.Build.0 = Debug|Any CPU
		{0EA949D4-AC04-4853-AACD-CA7CCF6D029A}.Release|Any CPU.ActiveCfg = Release|Any CPU
		{0EA949D4-AC04-4853-AACD-CA7CCF6D029A}.Release|Any CPU.Build.0 = Release|Any CPU
		{7EA39B0E-9280-4AC3-BF2B-FAE780AC0B3E}.Debug|Any CPU.ActiveCfg = Debug|Any CPU
		{7EA39B0E-9280-4AC3-BF2B-FAE780AC0B3E}.Debug|Any CPU.Build.0 = Debug|Any CPU
		{7EA39B0E-9280-4AC3-BF2B-FAE780AC0B3E}.Release|Any CPU.ActiveCfg = Release|Any CPU
		{7EA39B0E-9280-4AC3-BF2B-FAE780AC0B3E}.Release|Any CPU.Build.0 = Release|Any CPU
	EndGlobalSection
	GlobalSection(SolutionProperties) = preSolution
		HideSolutionNode = FALSE
	EndGlobalSection
	GlobalSection(NestedProjects) = preSolution
		{26F46106-6775-4196-B581-CAA25149E58C} = {B4DF5DBA-B85A-45F3-859D-BB9992C5B6EC}
		{A94F9507-A0BA-4BB3-B6C6-6084DEF95AB8} = {B4DF5DBA-B85A-45F3-859D-BB9992C5B6EC}
		{4F0893F8-F69B-46CC-9F78-B5EF1525C0D1} = {B4DF5DBA-B85A-45F3-859D-BB9992C5B6EC}
		{4C97B59F-7CDC-41D6-A291-66B89938A99D} = {B4DF5DBA-B85A-45F3-859D-BB9992C5B6EC}
		{4B2F92DD-A93A-465A-B210-D2768167B644} = {4C97B59F-7CDC-41D6-A291-66B89938A99D}
		{0AC1DE1A-FA04-4B6D-B385-86F4E84CD8CA} = {4F0893F8-F69B-46CC-9F78-B5EF1525C0D1}
		{6B07D17F-3F2F-4371-9906-4318D3895619} = {A94F9507-A0BA-4BB3-B6C6-6084DEF95AB8}
		{6B0AF2EF-8017-480D-BD5F-AAA54A7920AA} = {26F46106-6775-4196-B581-CAA25149E58C}
		{16CD6CD5-297F-4640-BC76-3BCA5C359819} = {AF348046-7C50-44B8-86A1-23144098AED4}
		{6A94EAD4-F5F9-42A5-83CC-C19175E50B25} = {AF348046-7C50-44B8-86A1-23144098AED4}
		{91515D65-D273-41AD-9581-8CE6E0034DB8} = {B4DF5DBA-B85A-45F3-859D-BB9992C5B6EC}
		{ED22D128-1032-4516-ACAA-3DB54FEBB7BB} = {91515D65-D273-41AD-9581-8CE6E0034DB8}
		{22873FAD-5158-4B66-A7D1-DE784E6FD99F} = {4F0893F8-F69B-46CC-9F78-B5EF1525C0D1}
		{3597EEF7-6540-49DC-AEB1-1B9FD5EC4349} = {4F0893F8-F69B-46CC-9F78-B5EF1525C0D1}
		{F7CD4FBB-84DD-4E3A-AE05-19DAF3C56EAF} = {26F46106-6775-4196-B581-CAA25149E58C}
		{80DBB258-D3B0-4317-B6A3-FB0B0D8CF87F} = {4F0893F8-F69B-46CC-9F78-B5EF1525C0D1}
		{95D2A2E2-9A54-48E2-BE41-550BC30B4A10} = {4F0893F8-F69B-46CC-9F78-B5EF1525C0D1}
		{7F6D8C75-7309-4452-9CF3-877B15BE6515} = {4F0893F8-F69B-46CC-9F78-B5EF1525C0D1}
		{C7078F4C-82BF-4BC1-AF34-3AB7299EBDCF} = {4F0893F8-F69B-46CC-9F78-B5EF1525C0D1}
		{7B57B592-291A-48CE-9C67-AEB2370B1725} = {4F0893F8-F69B-46CC-9F78-B5EF1525C0D1}
		{0EA949D4-AC04-4853-AACD-CA7CCF6D029A} = {A94F9507-A0BA-4BB3-B6C6-6084DEF95AB8}
		{7EA39B0E-9280-4AC3-BF2B-FAE780AC0B3E} = {A94F9507-A0BA-4BB3-B6C6-6084DEF95AB8}
	EndGlobalSection
	GlobalSection(ExtensibilityGlobals) = postSolution
		SolutionGuid = {0D367D0F-CDB4-4E7A-B90D-1E8D35FC291E}
	EndGlobalSection
EndGlobal
